Microsoft Visual Studio Solution File, Format Version 12.00
# Visual Studio Version 17
VisualStudioVersion = 17.0.31825.309
MinimumVisualStudioVersion = 10.0.40219.1
Project("{9A19103F-16F7-4668-BE54-9A1E7A4F7556}") = "Novicell.Umbraco.OEmbed.Website", "Novicell.Umbraco.OEmbed.Website\Novicell.Umbraco.OEmbed.Website.csproj", "{EC79CF03-B2DB-4664-AEBE-C6527A9AE3F2}"
EndProject
Project("{9A19103F-16F7-4668-BE54-9A1E7A4F7556}") = "Novicell.Umbraco.OEmbed", "Novicell.Umbraco.OEmbed\Novicell.Umbraco.OEmbed.csproj", "{68E10957-CF84-4D57-9C67-ADE2039D3503}"
EndProject
Project("{2150E333-8FDC-42A3-9474-1A3956D46DE8}") = "Test", "Test", "{BF432BD5-D2A8-4CAB-A805-589B64CF741C}"
EndProject
Project("{9A19103F-16F7-4668-BE54-9A1E7A4F7556}") = "Novicell.Umbraco.OEmbed.Tests", "Novicell.Umbraco.OEmbed.Tests\Novicell.Umbraco.OEmbed.Tests.csproj", "{079ED247-77E3-4E31-B39B-ED6511E3B91B}"
EndProject
Project("{FAE04EC0-301F-11D3-BF4B-00C04F79EFBC}") = "Novicell.Umbraco.OEmbed.Core", "Novicell.Umbraco.OEmbed.Core\Novicell.Umbraco.OEmbed.Core.csproj", "{5554C304-5CB5-4A5D-90DB-D9B930DB2F7E}"
EndProject
Global
	GlobalSection(SolutionConfigurationPlatforms) = preSolution
		Debug|Any CPU = Debug|Any CPU
		Debug|x64 = Debug|x64
		Debug|x86 = Debug|x86
		Release|Any CPU = Release|Any CPU
		Release|x64 = Release|x64
		Release|x86 = Release|x86
	EndGlobalSection
	GlobalSection(ProjectConfigurationPlatforms) = postSolution
		{EC79CF03-B2DB-4664-AEBE-C6527A9AE3F2}.Debug|Any CPU.ActiveCfg = Debug|Any CPU
		{EC79CF03-B2DB-4664-AEBE-C6527A9AE3F2}.Debug|Any CPU.Build.0 = Debug|Any CPU
		{EC79CF03-B2DB-4664-AEBE-C6527A9AE3F2}.Debug|x64.ActiveCfg = Debug|Any CPU
		{EC79CF03-B2DB-4664-AEBE-C6527A9AE3F2}.Debug|x64.Build.0 = Debug|Any CPU
		{EC79CF03-B2DB-4664-AEBE-C6527A9AE3F2}.Debug|x86.ActiveCfg = Debug|Any CPU
		{EC79CF03-B2DB-4664-AEBE-C6527A9AE3F2}.Debug|x86.Build.0 = Debug|Any CPU
		{EC79CF03-B2DB-4664-AEBE-C6527A9AE3F2}.Release|Any CPU.ActiveCfg = Release|Any CPU
		{EC79CF03-B2DB-4664-AEBE-C6527A9AE3F2}.Release|Any CPU.Build.0 = Release|Any CPU
		{EC79CF03-B2DB-4664-AEBE-C6527A9AE3F2}.Release|x64.ActiveCfg = Release|Any CPU
		{EC79CF03-B2DB-4664-AEBE-C6527A9AE3F2}.Release|x64.Build.0 = Release|Any CPU
		{EC79CF03-B2DB-4664-AEBE-C6527A9AE3F2}.Release|x86.ActiveCfg = Release|Any CPU
		{EC79CF03-B2DB-4664-AEBE-C6527A9AE3F2}.Release|x86.Build.0 = Release|Any CPU
		{68E10957-CF84-4D57-9C67-ADE2039D3503}.Debug|Any CPU.ActiveCfg = Debug|Any CPU
		{68E10957-CF84-4D57-9C67-ADE2039D3503}.Debug|Any CPU.Build.0 = Debug|Any CPU
		{68E10957-CF84-4D57-9C67-ADE2039D3503}.Debug|x64.ActiveCfg = Debug|Any CPU
		{68E10957-CF84-4D57-9C67-ADE2039D3503}.Debug|x64.Build.0 = Debug|Any CPU
		{68E10957-CF84-4D57-9C67-ADE2039D3503}.Debug|x86.ActiveCfg = Debug|Any CPU
		{68E10957-CF84-4D57-9C67-ADE2039D3503}.Debug|x86.Build.0 = Debug|Any CPU
		{68E10957-CF84-4D57-9C67-ADE2039D3503}.Release|Any CPU.ActiveCfg = Release|Any CPU
		{68E10957-CF84-4D57-9C67-ADE2039D3503}.Release|Any CPU.Build.0 = Release|Any CPU
		{68E10957-CF84-4D57-9C67-ADE2039D3503}.Release|x64.ActiveCfg = Release|Any CPU
		{68E10957-CF84-4D57-9C67-ADE2039D3503}.Release|x64.Build.0 = Release|Any CPU
		{68E10957-CF84-4D57-9C67-ADE2039D3503}.Release|x86.ActiveCfg = Release|Any CPU
		{68E10957-CF84-4D57-9C67-ADE2039D3503}.Release|x86.Build.0 = Release|Any CPU
		{079ED247-77E3-4E31-B39B-ED6511E3B91B}.Debug|Any CPU.ActiveCfg = Debug|Any CPU
		{079ED247-77E3-4E31-B39B-ED6511E3B91B}.Debug|Any CPU.Build.0 = Debug|Any CPU
		{079ED247-77E3-4E31-B39B-ED6511E3B91B}.Debug|x64.ActiveCfg = Debug|Any CPU
		{079ED247-77E3-4E31-B39B-ED6511E3B91B}.Debug|x64.Build.0 = Debug|Any CPU
		{079ED247-77E3-4E31-B39B-ED6511E3B91B}.Debug|x86.ActiveCfg = Debug|Any CPU
		{079ED247-77E3-4E31-B39B-ED6511E3B91B}.Debug|x86.Build.0 = Debug|Any CPU
		{079ED247-77E3-4E31-B39B-ED6511E3B91B}.Release|Any CPU.ActiveCfg = Release|Any CPU
		{079ED247-77E3-4E31-B39B-ED6511E3B91B}.Release|Any CPU.Build.0 = Release|Any CPU
		{079ED247-77E3-4E31-B39B-ED6511E3B91B}.Release|x64.ActiveCfg = Release|Any CPU
		{079ED247-77E3-4E31-B39B-ED6511E3B91B}.Release|x64.Build.0 = Release|Any CPU
		{079ED247-77E3-4E31-B39B-ED6511E3B91B}.Release|x86.ActiveCfg = Release|Any CPU
		{079ED247-77E3-4E31-B39B-ED6511E3B91B}.Release|x86.Build.0 = Release|Any CPU
		{5554C304-5CB5-4A5D-90DB-D9B930DB2F7E}.Debug|Any CPU.ActiveCfg = Debug|Any CPU
		{5554C304-5CB5-4A5D-90DB-D9B930DB2F7E}.Debug|Any CPU.Build.0 = Debug|Any CPU
		{5554C304-5CB5-4A5D-90DB-D9B930DB2F7E}.Debug|x64.ActiveCfg = Debug|Any CPU
		{5554C304-5CB5-4A5D-90DB-D9B930DB2F7E}.Debug|x64.Build.0 = Debug|Any CPU
		{5554C304-5CB5-4A5D-90DB-D9B930DB2F7E}.Debug|x86.ActiveCfg = Debug|Any CPU
		{5554C304-5CB5-4A5D-90DB-D9B930DB2F7E}.Debug|x86.Build.0 = Debug|Any CPU
		{5554C304-5CB5-4A5D-90DB-D9B930DB2F7E}.Release|Any CPU.ActiveCfg = Release|Any CPU
		{5554C304-5CB5-4A5D-90DB-D9B930DB2F7E}.Release|Any CPU.Build.0 = Release|Any CPU
		{5554C304-5CB5-4A5D-90DB-D9B930DB2F7E}.Release|x64.ActiveCfg = Release|Any CPU
		{5554C304-5CB5-4A5D-90DB-D9B930DB2F7E}.Release|x64.Build.0 = Release|Any CPU
		{5554C304-5CB5-4A5D-90DB-D9B930DB2F7E}.Release|x86.ActiveCfg = Release|Any CPU
		{5554C304-5CB5-4A5D-90DB-D9B930DB2F7E}.Release|x86.Build.0 = Release|Any CPU
	EndGlobalSection
	GlobalSection(SolutionProperties) = preSolution
		HideSolutionNode = FALSE
	EndGlobalSection
	GlobalSection(NestedProjects) = preSolution
		{EC79CF03-B2DB-4664-AEBE-C6527A9AE3F2} = {BF432BD5-D2A8-4CAB-A805-589B64CF741C}
		{079ED247-77E3-4E31-B39B-ED6511E3B91B} = {BF432BD5-D2A8-4CAB-A805-589B64CF741C}
	EndGlobalSection
	GlobalSection(ExtensibilityGlobals) = postSolution
		SolutionGuid = {2F18F0F5-C3E9-431B-8C34-99D240197BFD}
	EndGlobalSection
EndGlobal
